// !$*UTF8*$!
{
	archiveVersion = 1;
	classes = {};
	objectVersion = 77;
	objects = {
		98F54143AB4E86B28C3AFEE0 /* project */ = { isa = PBXProject; attributes = { BuildIndependentTargetsInParallel = YES; LastUpgradeCheck = 2650; }; buildConfigurationList = 49EA05A46B1A86EA7E413B43; compatibilityVersion = "Xcode 16.0"; developmentRegion = en; hasScannedForEncodings = 0; knownRegions = (en, "zh-Hans", "zh-Hant", cs, da, nl, fr, de, he, it, ja, ko, pl, pt, ru, es, Base,); mainGroup = E50290A24C49A459B43487C5; packageReferences = (C27E4B6BEEEBEE564F55E421,5B70F824347F4E20BB02A001,); preferredProjectObjectVersion = 77; productRefGroup = FBDC4F23F93125BBEEAE800C; projectDirPath = ""; projectRoot = ""; targets = (7D1043473D55BFA90E8530D3,F98961015A0AC393630F4EDA,); };
		E50290A24C49A459B43487C5 /* mainGroup */ = { isa = PBXGroup; children = (971ED9D05B25DB6C4D7680D4,4AAC76C0CB21B7396D9A322D,FBDC4F23F93125BBEEAE800C,); sourceTree = "<group>"; };
		971ED9D05B25DB6C4D7680D4 /* appSources */ = { isa = PBXFileSystemSynchronizedRootGroup; path = Sources/ClipShelf; sourceTree = "<group>"; };
		4AAC76C0CB21B7396D9A322D /* extensionSources */ = { isa = PBXFileSystemSynchronizedRootGroup; path = Sources/ClipShelfShareExtension; sourceTree = "<group>"; };
		FBDC4F23F93125BBEEAE800C /* products */ = { isa = PBXGroup; children = (8BCD5BC4CDFDF0918087C782,647C3AF34D0868AECBE6EC39,); name = Products; sourceTree = "<group>"; };
		8BCD5BC4CDFDF0918087C782 /* appProduct */ = { isa = PBXFileReference; explicitFileType = wrapper.application; includeInIndex = 0; path = ClipShelf.app; sourceTree = BUILT_PRODUCTS_DIR; };
		647C3AF34D0868AECBE6EC39 /* extensionProduct */ = { isa = PBXFileReference; explicitFileType = "wrapper.app-extension"; includeInIndex = 0; path = ClipShelfShare.appex; sourceTree = BUILT_PRODUCTS_DIR; };
		7D1043473D55BFA90E8530D3 /* app */ = { isa = PBXNativeTarget; buildConfigurationList = 8A8642C6B28662881237D956; buildPhases = (78FA0473450BEAD0DB82E3CF,78AE8C6BEB2A40A6D824CCEE,364863F9F2E558B0F50473FC,CFFF27C96089B93150F3553B,); buildRules = (); dependencies = (DE58E2B17C19600779694943,); fileSystemSynchronizedGroups = (971ED9D05B25DB6C4D7680D4,); name = ClipShelf; packageProductDependencies = (433536C5EBE1F568FA529936,25F1452D5FCA1F74E02C7E6A,5B70F824347F4E20BB02A002,6E20C17A08F44C8CB250A001,); productName = ClipShelf; productReference = 8BCD5BC4CDFDF0918087C782; productType = "com.apple.product-type.application"; };
		F98961015A0AC393630F4EDA /* extension */ = { isa = PBXNativeTarget; buildConfigurationList = 103E8E4CDEADEAC0EC5DD356; buildPhases = (678CF83BE412F2B1C3173741,75AE26E504A35A9E7B0E627C,A8F2CB0312C580FB1B155B1C,); buildRules = (); dependencies = (); fileSystemSynchronizedGroups = (4AAC76C0CB21B7396D9A322D,); name = ClipShelfShare; packageProductDependencies = (4F244F869ED94D538E4BE326,6E20C17A08F44C8CB250A002,); productName = ClipShelfShare; productReference = 647C3AF34D0868AECBE6EC39; productType = "com.apple.product-type.app-extension"; };
		78FA0473450BEAD0DB82E3CF /* appSourcesPhase */ = { isa = PBXSourcesBuildPhase; buildActionMask = 2147483647; files = (); runOnlyForDeploymentPostprocessing = 0; };
		678CF83BE412F2B1C3173741 /* extensionSourcesPhase */ = { isa = PBXSourcesBuildPhase; buildActionMask = 2147483647; files = (); runOnlyForDeploymentPostprocessing = 0; };
		364863F9F2E558B0F50473FC /* appResources */ = { isa = PBXResourcesBuildPhase; buildActionMask = 2147483647; files = (); runOnlyForDeploymentPostprocessing = 0; };
		A8F2CB0312C580FB1B155B1C /* extensionResources */ = { isa = PBXResourcesBuildPhase; buildActionMask = 2147483647; files = (); runOnlyForDeploymentPostprocessing = 0; };
		78AE8C6BEB2A40A6D824CCEE /* appFrameworks */ = { isa = PBXFrameworksBuildPhase; buildActionMask = 2147483647; files = (3BD84EEA82D325E5A13A33E7,AF75FB7819CB8F8378847C9E,5B70F824347F4E20BB02A003,6E20C17A08F44C8CB250A003,); runOnlyForDeploymentPostprocessing = 0; };
		75AE26E504A35A9E7B0E627C /* extensionFrameworks */ = { isa = PBXFrameworksBuildPhase; buildActionMask = 2147483647; files = (2528CFA2D41941903D9C4F46,6E20C17A08F44C8CB250A004,); runOnlyForDeploymentPostprocessing = 0; };
		3BD84EEA82D325E5A13A33E7 /* linkAppCore */ = { isa = PBXBuildFile; productRef = 433536C5EBE1F568FA529936; };
		AF75FB7819CB8F8378847C9E /* linkAppShared */ = { isa = PBXBuildFile; productRef = 25F1452D5FCA1F74E02C7E6A; };
		2528CFA2D41941903D9C4F46 /* linkExtensionShared */ = { isa = PBXBuildFile; productRef = 4F244F869ED94D538E4BE326; };
		CFFF27C96089B93150F3553B /* embed */ = { isa = PBXCopyFilesBuildPhase; buildActionMask = 2147483647; dstPath = ""; dstSubfolderSpec = 13; files = (A499705974F40DE254C21971,); name = "Embed App Extensions"; runOnlyForDeploymentPostprocessing = 0; };
		A499705974F40DE254C21971 /* embedProduct */ = { isa = PBXBuildFile; fileRef = 647C3AF34D0868AECBE6EC39; settings = { ATTRIBUTES = (RemoveHeadersOnCopy,); }; };
		DE58E2B17C19600779694943 /* dependency */ = { isa = PBXTargetDependency; target = F98961015A0AC393630F4EDA; targetProxy = D799BAE6088A90139B415FCC; };
		D799BAE6088A90139B415FCC /* proxy */ = { isa = PBXContainerItemProxy; containerPortal = 98F54143AB4E86B28C3AFEE0; proxyType = 1; remoteGlobalIDString = F98961015A0AC393630F4EDA; remoteInfo = ClipShelfShare; };
		C27E4B6BEEEBEE564F55E421 /* localPackage */ = { isa = XCLocalSwiftPackageReference; relativePath = .; };
		433536C5EBE1F568FA529936 /* appCore */ = { isa = XCSwiftPackageProductDependency; package = C27E4B6BEEEBEE564F55E421; productName = ClipShelfCore; };
		25F1452D5FCA1F74E02C7E6A /* appShared */ = { isa = XCSwiftPackageProductDependency; package = C27E4B6BEEEBEE564F55E421; productName = ShareInboxShared; };
		4F244F869ED94D538E4BE326 /* extensionShared */ = { isa = XCSwiftPackageProductDependency; package = C27E4B6BEEEBEE564F55E421; productName = ShareInboxShared; };
		6E20C17A08F44C8CB250A001 /* appLocalization */ = { isa = XCSwiftPackageProductDependency; package = C27E4B6BEEEBEE564F55E421; productName = ClipShelfLocalization; };
		6E20C17A08F44C8CB250A002 /* extensionLocalization */ = { isa = XCSwiftPackageProductDependency; package = C27E4B6BEEEBEE564F55E421; productName = ClipShelfLocalization; };
		6E20C17A08F44C8CB250A003 /* linkAppLocalization */ = { isa = PBXBuildFile; productRef = 6E20C17A08F44C8CB250A001; };
		6E20C17A08F44C8CB250A004 /* linkExtensionLocalization */ = { isa = PBXBuildFile; productRef = 6E20C17A08F44C8CB250A002; };
		5B70F824347F4E20BB02A001 /* Sparkle */ = { isa = XCRemoteSwiftPackageReference; repositoryURL = "https://github.com/sparkle-project/Sparkle"; requirement = { kind = exactVersion; version = 2.10.0; }; };
		5B70F824347F4E20BB02A002 /* SparkleProduct */ = { isa = XCSwiftPackageProductDependency; package = 5B70F824347F4E20BB02A001; productName = Sparkle; };
		5B70F824347F4E20BB02A003 /* linkSparkle */ = { isa = PBXBuildFile; productRef = 5B70F824347F4E20BB02A002; };
		49EA05A46B1A86EA7E413B43 /* projectConfigs */ = { isa = XCConfigurationList; buildConfigurations = (89E1FD6268CC0F221A2BE178,E6DE6C99132752C914FEF632,); defaultConfigurationIsVisible = 0; defaultConfigurationName = Release; };
		89E1FD6268CC0F221A2BE178 /* projectDebug */ = { isa = XCBuildConfiguration; buildSettings = { MACOSX_DEPLOYMENT_TARGET = 14.0; SDKROOT = macosx; SWIFT_VERSION = 5.0; CLANG_ENABLE_MODULES = YES; CLIPSHELF_APP_GROUP_IDENTIFIER = ""; CLIPSHELF_APP_BUNDLE_IDENTIFIER = io.github.bestbbb.clipshelf.dev; CLIPSHELF_SHARE_BUNDLE_IDENTIFIER = io.github.bestbbb.clipshelf.dev.share; CLIPSHELF_APP_PROFILE = ""; CLIPSHELF_SHARE_PROFILE = ""; CLIPSHELF_APP_INFOPLIST = Resources/Info.plist; CLIPSHELF_SHARE_INFOPLIST = "Resources/ShareExtension-Info.plist"; CLIPSHELF_APP_ENTITLEMENTS = "Resources/ShareExtension-App.entitlements"; CLIPSHELF_SHARE_ENTITLEMENTS = Resources/ShareExtension.entitlements; CODE_SIGN_STYLE = Automatic; SWIFT_OPTIMIZATION_LEVEL = "-Onone"; SWIFT_ACTIVE_COMPILATION_CONDITIONS = "DEBUG $(inherited)"; ENABLE_TESTABILITY = YES; DEBUG_INFORMATION_FORMAT = dwarf; ONLY_ACTIVE_ARCH = YES; }; name = Debug; };
		E6DE6C99132752C914FEF632 /* projectRelease */ = { isa = XCBuildConfiguration; buildSettings = { MACOSX_DEPLOYMENT_TARGET = 14.0; SDKROOT = macosx; SWIFT_VERSION = 5.0; CLANG_ENABLE_MODULES = YES; CLIPSHELF_APP_GROUP_IDENTIFIER = ""; CLIPSHELF_APP_BUNDLE_IDENTIFIER = io.github.bestbbb.clipshelf.dev; CLIPSHELF_SHARE_BUNDLE_IDENTIFIER = io.github.bestbbb.clipshelf.dev.share; CLIPSHELF_APP_PROFILE = ""; CLIPSHELF_SHARE_PROFILE = ""; CLIPSHELF_APP_INFOPLIST = Resources/Info.plist; CLIPSHELF_SHARE_INFOPLIST = "Resources/ShareExtension-Info.plist"; CLIPSHELF_APP_ENTITLEMENTS = "Resources/ShareExtension-App.entitlements"; CLIPSHELF_SHARE_ENTITLEMENTS = Resources/ShareExtension.entitlements; CODE_SIGN_STYLE = Automatic; SWIFT_COMPILATION_MODE = wholemodule; ENABLE_HARDENED_RUNTIME = YES; SWIFT_OPTIMIZATION_LEVEL = "-O"; DEBUG_INFORMATION_FORMAT = "dwarf-with-dsym"; }; name = Release; };
		8A8642C6B28662881237D956 /* appConfigs */ = { isa = XCConfigurationList; buildConfigurations = (E9B2E96ABC5F6856F2BE79CF,5A8C91857F674E16E2724F47,); defaultConfigurationIsVisible = 0; defaultConfigurationName = Release; };
		E9B2E96ABC5F6856F2BE79CF /* appDebug */ = { isa = XCBuildConfiguration; buildSettings = { MACOSX_DEPLOYMENT_TARGET = 14.0; SDKROOT = macosx; SWIFT_VERSION = 5.0; CLANG_ENABLE_MODULES = YES; PRODUCT_BUNDLE_IDENTIFIER = "$(CLIPSHELF_APP_BUNDLE_IDENTIFIER)"; PROVISIONING_PROFILE_SPECIFIER = "$(CLIPSHELF_APP_PROFILE)"; PRODUCT_NAME = ClipShelf; GENERATE_INFOPLIST_FILE = YES; INFOPLIST_FILE = "$(CLIPSHELF_APP_INFOPLIST)"; INFOPLIST_KEY_ClipShelfAppGroupIdentifier = "$(CLIPSHELF_APP_GROUP_IDENTIFIER)"; CODE_SIGN_ENTITLEMENTS = "$(CLIPSHELF_APP_ENTITLEMENTS)"; ENABLE_APP_SANDBOX = NO; LD_RUNPATH_SEARCH_PATHS = "$(inherited) @executable_path/../Frameworks"; }; name = Debug; };
		5A8C91857F674E16E2724F47 /* appRelease */ = { isa = XCBuildConfiguration; buildSettings = { MACOSX_DEPLOYMENT_TARGET = 14.0; SDKROOT = macosx; SWIFT_VERSION = 5.0; CLANG_ENABLE_MODULES = YES; PRODUCT_BUNDLE_IDENTIFIER = "$(CLIPSHELF_APP_BUNDLE_IDENTIFIER)"; PROVISIONING_PROFILE_SPECIFIER = "$(CLIPSHELF_APP_PROFILE)"; PRODUCT_NAME = ClipShelf; GENERATE_INFOPLIST_FILE = YES; INFOPLIST_FILE = "$(CLIPSHELF_APP_INFOPLIST)"; INFOPLIST_KEY_ClipShelfAppGroupIdentifier = "$(CLIPSHELF_APP_GROUP_IDENTIFIER)"; CODE_SIGN_ENTITLEMENTS = "$(CLIPSHELF_APP_ENTITLEMENTS)"; ENABLE_APP_SANDBOX = NO; LD_RUNPATH_SEARCH_PATHS = "$(inherited) @executable_path/../Frameworks"; }; name = Release; };
		103E8E4CDEADEAC0EC5DD356 /* extensionConfigs */ = { isa = XCConfigurationList; buildConfigurations = (72893883F3192A7AD4510527,E960CA4A67986CF3C1F1522E,); defaultConfigurationIsVisible = 0; defaultConfigurationName = Release; };
		72893883F3192A7AD4510527 /* extensionDebug */ = { isa = XCBuildConfiguration; buildSettings = { MACOSX_DEPLOYMENT_TARGET = 14.0; SDKROOT = macosx; SWIFT_VERSION = 5.0; CLANG_ENABLE_MODULES = YES; PRODUCT_BUNDLE_IDENTIFIER = "$(CLIPSHELF_SHARE_BUNDLE_IDENTIFIER)"; PROVISIONING_PROFILE_SPECIFIER = "$(CLIPSHELF_SHARE_PROFILE)"; PRODUCT_NAME = ClipShelfShare; GENERATE_INFOPLIST_FILE = NO; INFOPLIST_FILE = "$(CLIPSHELF_SHARE_INFOPLIST)"; CODE_SIGN_ENTITLEMENTS = "$(CLIPSHELF_SHARE_ENTITLEMENTS)"; ENABLE_APP_SANDBOX = YES; APPLICATION_EXTENSION_API_ONLY = YES; SKIP_INSTALL = YES; LD_RUNPATH_SEARCH_PATHS = "$(inherited) @executable_path/../Frameworks @executable_path/../../../../Frameworks"; }; name = Debug; };
		E960CA4A67986CF3C1F1522E /* extensionRelease */ = { isa = XCBuildConfiguration; buildSettings = { MACOSX_DEPLOYMENT_TARGET = 14.0; SDKROOT = macosx; SWIFT_VERSION = 5.0; CLANG_ENABLE_MODULES = YES; PRODUCT_BUNDLE_IDENTIFIER = "$(CLIPSHELF_SHARE_BUNDLE_IDENTIFIER)"; PROVISIONING_PROFILE_SPECIFIER = "$(CLIPSHELF_SHARE_PROFILE)"; PRODUCT_NAME = ClipShelfShare; GENERATE_INFOPLIST_FILE = NO; INFOPLIST_FILE = "$(CLIPSHELF_SHARE_INFOPLIST)"; CODE_SIGN_ENTITLEMENTS = "$(CLIPSHELF_SHARE_ENTITLEMENTS)"; ENABLE_APP_SANDBOX = YES; APPLICATION_EXTENSION_API_ONLY = YES; SKIP_INSTALL = YES; LD_RUNPATH_SEARCH_PATHS = "$(inherited) @executable_path/../Frameworks @executable_path/../../../../Frameworks"; }; name = Release; };
	};
	rootObject = 98F54143AB4E86B28C3AFEE0;
}
